// !$*UTF8*$!
{
	archiveVersion = 1;
	classes = {
	};
	objectVersion = 46;
	objects = {

/* Begin PBXBuildFile section */
		1D6158031B5358D200997A6E /* Constant.swift in Sources */ = {isa = PBXBuildFile; fileRef = 1D6158021B5358D200997A6E /* Constant.swift */; };
		1D6158061B535A6400997A6E /* DbUtil.swift in Sources */ = {isa = PBXBuildFile; fileRef = 1D6158051B535A6400997A6E /* DbUtil.swift */; };
		1D61580B1B535FBE00997A6E /* HabitType.swift in Sources */ = {isa = PBXBuildFile; fileRef = 1D61580A1B535FBE00997A6E /* HabitType.swift */; };
		1D61580D1B53651E00997A6E /* SignInTableViewController.swift in Sources */ = {isa = PBXBuildFile; fileRef = 1D61580C1B53651E00997A6E /* SignInTableViewController.swift */; };
		1D6158111B53929F00997A6E /* HabitNoteViewController.swift in Sources */ = {isa = PBXBuildFile; fileRef = 1D6158101B53929F00997A6E /* HabitNoteViewController.swift */; };
		6081833D1B53D6780040DCAA /* FMDatabase+FTS3.m in Sources */ = {isa = PBXBuildFile; fileRef = 608183241B53D6780040DCAA /* FMDatabase+FTS3.m */; };
		6081833E1B53D6780040DCAA /* FMTokenizers.m in Sources */ = {isa = PBXBuildFile; fileRef = 608183261B53D6780040DCAA /* FMTokenizers.m */; };
		6081833F1B53D6780040DCAA /* FMDatabase+InMemoryOnDiskIO.m in Sources */ = {isa = PBXBuildFile; fileRef = 6081832A1B53D6780040DCAA /* FMDatabase+InMemoryOnDiskIO.m */; };
		608183401B53D6780040DCAA /* FMDatabaseAdditionsVariadic.swift in Sources */ = {isa = PBXBuildFile; fileRef = 6081832C1B53D6780040DCAA /* FMDatabaseAdditionsVariadic.swift */; };
		608183411B53D6780040DCAA /* FMDatabaseVariadic.swift in Sources */ = {isa = PBXBuildFile; fileRef = 6081832D1B53D6780040DCAA /* FMDatabaseVariadic.swift */; };
		608183421B53D6780040DCAA /* FMDatabase.m in Sources */ = {isa = PBXBuildFile; fileRef = 608183301B53D6780040DCAA /* FMDatabase.m */; };
		608183431B53D6780040DCAA /* FMDatabaseAdditions.m in Sources */ = {isa = PBXBuildFile; fileRef = 608183321B53D6780040DCAA /* FMDatabaseAdditions.m */; };
		608183441B53D6780040DCAA /* FMDatabasePool.m in Sources */ = {isa = PBXBuildFile; fileRef = 608183341B53D6780040DCAA /* FMDatabasePool.m */; };
		608183451B53D6780040DCAA /* FMDatabaseQueue.m in Sources */ = {isa = PBXBuildFile; fileRef = 608183361B53D6780040DCAA /* FMDatabaseQueue.m */; };
		608183461B53D6780040DCAA /* FMResultSet.m in Sources */ = {isa = PBXBuildFile; fileRef = 608183391B53D6780040DCAA /* FMResultSet.m */; };
		608408DF1B52A8A9001F17FD /* AppDelegate.swift in Sources */ = {isa = PBXBuildFile; fileRef = 608408DE1B52A8A9001F17FD /* AppDelegate.swift */; };
		608408E61B52A8A9001F17FD /* Main.storyboard in Resources */ = {isa = PBXBuildFile; fileRef = 608408E41B52A8A9001F17FD /* Main.storyboard */; };
		608408E81B52A8A9001F17FD /* Images.xcassets in Resources */ = {isa = PBXBuildFile; fileRef = 608408E71B52A8A9001F17FD /* Images.xcassets */; };
		608408EB1B52A8A9001F17FD /* LaunchScreen.xib in Resources */ = {isa = PBXBuildFile; fileRef = 608408E91B52A8A9001F17FD /* LaunchScreen.xib */; };
		608408F71B52A8A9001F17FD /* needYouManageTests.swift in Sources */ = {isa = PBXBuildFile; fileRef = 608408F61B52A8A9001F17FD /* needYouManageTests.swift */; };
		60F688C91B52B35500A9EC8A /* libsqlite3.dylib in Frameworks */ = {isa = PBXBuildFile; fileRef = 60F688C81B52B35500A9EC8A /* libsqlite3.dylib */; };
		60F688CF1B52B87500A9EC8A /* HabitTableViewController.swift in Sources */ = {isa = PBXBuildFile; fileRef = 60F688CE1B52B87500A9EC8A /* HabitTableViewController.swift */; };
		60F688D11B52B89100A9EC8A /* TimeManageTableViewController.swift in Sources */ = {isa = PBXBuildFile; fileRef = 60F688D01B52B89100A9EC8A /* TimeManageTableViewController.swift */; };
		60F688D51B52BCE200A9EC8A /* habit.plist in Resources */ = {isa = PBXBuildFile; fileRef = 60F688D41B52BCE200A9EC8A /* habit.plist */; };
/* End PBXBuildFile section */

/* Begin PBXContainerItemProxy section */
		608408F11B52A8A9001F17FD /* PBXContainerItemProxy */ = {
			isa = PBXContainerItemProxy;
			containerPortal = 608408D11B52A8A9001F17FD /* Project object */;
			proxyType = 1;
			remoteGlobalIDString = 608408D81B52A8A9001F17FD;
			remoteInfo = needYouManage;
		};
/* End PBXContainerItemProxy section */

/* Begin PBXFileReference section */
		1D6158021B5358D200997A6E /* Constant.swift */ = {isa = PBXFileReference; fileEncoding = 4; lastKnownFileType = sourcecode.swift; path = Constant.swift; sourceTree = "<group>"; };
		1D6158051B535A6400997A6E /* DbUtil.swift */ = {isa = PBXFileReference; fileEncoding = 4; lastKnownFileType = sourcecode.swift; path = DbUtil.swift; sourceTree = "<group>"; };
		1D61580A1B535FBE00997A6E /* HabitType.swift */ = {isa = PBXFileReference; fileEncoding = 4; lastKnownFileType = sourcecode.swift; path = HabitType.swift; sourceTree = "<group>"; };
		1D61580C1B53651E00997A6E /* SignInTableViewController.swift */ = {isa = PBXFileReference; fileEncoding = 4; lastKnownFileType = sourcecode.swift; path = SignInTableViewController.swift; sourceTree = "<group>"; };
		1D6158101B53929F00997A6E /* HabitNoteViewController.swift */ = {isa = PBXFileReference; fileEncoding = 4; lastKnownFileType = sourcecode.swift; path = HabitNoteViewController.swift; sourceTree = "<group>"; };
		608183231B53D6780040DCAA /* FMDatabase+FTS3.h */ = {isa = PBXFileReference; fileEncoding = 4; lastKnownFileType = sourcecode.c.h; path = "FMDatabase+FTS3.h"; sourceTree = "<group>"; };
		608183241B53D6780040DCAA /* FMDatabase+FTS3.m */ = {isa = PBXFileReference; fileEncoding = 4; lastKnownFileType = sourcecode.c.objc; path = "FMDatabase+FTS3.m"; sourceTree = "<group>"; };
		608183251B53D6780040DCAA /* FMTokenizers.h */ = {isa = PBXFileReference; fileEncoding = 4; lastKnownFileType = sourcecode.c.h; path = FMTokenizers.h; sourceTree = "<group>"; };
		608183261B53D6780040DCAA /* FMTokenizers.m */ = {isa = PBXFileReference; fileEncoding = 4; lastKnownFileType = sourcecode.c.objc; path = FMTokenizers.m; sourceTree = "<group>"; };
		608183271B53D6780040DCAA /* fts3_tokenizer.h */ = {isa = PBXFileReference; fileEncoding = 4; lastKnownFileType = sourcecode.c.h; path = fts3_tokenizer.h; sourceTree = "<group>"; };
		608183291B53D6780040DCAA /* FMDatabase+InMemoryOnDiskIO.h */ = {isa = PBXFileReference; fileEncoding = 4; lastKnownFileType = sourcecode.c.h; path = "FMDatabase+InMemoryOnDiskIO.h"; sourceTree = "<group>"; };
		6081832A1B53D6780040DCAA /* FMDatabase+InMemoryOnDiskIO.m */ = {isa = PBXFileReference; fileEncoding = 4; lastKnownFileType = sourcecode.c.objc; path = "FMDatabase+InMemoryOnDiskIO.m"; sourceTree = "<group>"; };
		6081832C1B53D6780040DCAA /* FMDatabaseAdditionsVariadic.swift */ = {isa = PBXFileReference; fileEncoding = 4; lastKnownFileType = sourcecode.swift; path = FMDatabaseAdditionsVariadic.swift; sourceTree = "<group>"; };
		6081832D1B53D6780040DCAA /* FMDatabaseVariadic.swift */ = {isa = PBXFileReference; fileEncoding = 4; lastKnownFileType = sourcecode.swift; path = FMDatabaseVariadic.swift; sourceTree = "<group>"; };
		6081832F1B53D6780040DCAA /* FMDatabase.h */ = {isa = PBXFileReference; fileEncoding = 4; lastKnownFileType = sourcecode.c.h; path = FMDatabase.h; sourceTree = "<group>"; };
		608183301B53D6780040DCAA /* FMDatabase.m */ = {isa = PBXFileReference; fileEncoding = 4; lastKnownFileType = sourcecode.c.objc; path = FMDatabase.m; sourceTree = "<group>"; };
		608183311B53D6780040DCAA /* FMDatabaseAdditions.h */ = {isa = PBXFileReference; fileEncoding = 4; lastKnownFileType = sourcecode.c.h; path = FMDatabaseAdditions.h; sourceTree = "<group>"; };
		608183321B53D6780040DCAA /* FMDatabaseAdditions.m */ = {isa = PBXFileReference; fileEncoding = 4; lastKnownFileType = sourcecode.c.objc; path = FMDatabaseAdditions.m; sourceTree = "<group>"; };
		608183331B53D6780040DCAA /* FMDatabasePool.h */ = {isa = PBXFileReference; fileEncoding = 4; lastKnownFileType = sourcecode.c.h; path = FMDatabasePool.h; sourceTree = "<group>"; };
		608183341B53D6780040DCAA /* FMDatabasePool.m */ = {isa = PBXFileReference; fileEncoding = 4; lastKnownFileType = sourcecode.c.objc; path = FMDatabasePool.m; sourceTree = "<group>"; };
		608183351B53D6780040DCAA /* FMDatabaseQueue.h */ = {isa = PBXFileReference; fileEncoding = 4; lastKnownFileType = sourcecode.c.h; path = FMDatabaseQueue.h; sourceTree = "<group>"; };
		608183361B53D6780040DCAA /* FMDatabaseQueue.m */ = {isa = PBXFileReference; fileEncoding = 4; lastKnownFileType = sourcecode.c.objc; path = FMDatabaseQueue.m; sourceTree = "<group>"; };
		608183371B53D6780040DCAA /* FMDB.h */ = {isa = PBXFileReference; fileEncoding = 4; lastKnownFileType = sourcecode.c.h; path = FMDB.h; sourceTree = "<group>"; };
		608183381B53D6780040DCAA /* FMResultSet.h */ = {isa = PBXFileReference; fileEncoding = 4; lastKnownFileType = sourcecode.c.h; path = FMResultSet.h; sourceTree = "<group>"; };
		608183391B53D6780040DCAA /* FMResultSet.m */ = {isa = PBXFileReference; fileEncoding = 4; lastKnownFileType = sourcecode.c.objc; path = FMResultSet.m; sourceTree = "<group>"; };
		608183481B53D6CD0040DCAA /* TyliangPlayground.playground */ = {isa = PBXFileReference; lastKnownFileType = file.playground; path = TyliangPlayground.playground; sourceTree = "<group>"; };
		608408D91B52A8A9001F17FD /* needYouManage.app */ = {isa = PBXFileReference; explicitFileType = wrapper.application; includeInIndex = 0; path = needYouManage.app; sourceTree = BUILT_PRODUCTS_DIR; };
		608408DD1B52A8A9001F17FD /* Info.plist */ = {isa = PBXFileReference; lastKnownFileType = text.plist.xml; path = Info.plist; sourceTree = "<group>"; };
		608408DE1B52A8A9001F17FD /* AppDelegate.swift */ = {isa = PBXFileReference; lastKnownFileType = sourcecode.swift; path = AppDelegate.swift; sourceTree = "<group>"; };
		608408E51B52A8A9001F17FD /* Base */ = {isa = PBXFileReference; lastKnownFileType = file.storyboard; name = Base; path = Base.lproj/Main.storyboard; sourceTree = "<group>"; };
		608408E71B52A8A9001F17FD /* Images.xcassets */ = {isa = PBXFileReference; lastKnownFileType = folder.assetcatalog; path = Images.xcassets; sourceTree = "<group>"; };
		608408EA1B52A8A9001F17FD /* Base */ = {isa = PBXFileReference; lastKnownFileType = file.xib; name = Base; path = Base.lproj/LaunchScreen.xib; sourceTree = "<group>"; };
		608408F01B52A8A9001F17FD /* needYouManageTests.xctest */ = {isa = PBXFileReference; explicitFileType = wrapper.cfbundle; includeInIndex = 0; path = needYouManageTests.xctest; sourceTree = BUILT_PRODUCTS_DIR; };
		608408F51B52A8A9001F17FD /* Info.plist */ = {isa = PBXFileReference; lastKnownFileType = text.plist.xml; path = Info.plist; sourceTree = "<group>"; };
		608408F61B52A8A9001F17FD /* needYouManageTests.swift */ = {isa = PBXFileReference; lastKnownFileType = sourcecode.swift; path = needYouManageTests.swift; sourceTree = "<group>"; };
		60F688C81B52B35500A9EC8A /* libsqlite3.dylib */ = {isa = PBXFileReference; lastKnownFileType = "compiled.mach-o.dylib"; name = libsqlite3.dylib; path = usr/lib/libsqlite3.dylib; sourceTree = SDKROOT; };
		60F688CA1B52B58100A9EC8A /* App-Bridging-Header.h */ = {isa = PBXFileReference; lastKnownFileType = sourcecode.c.h; path = "App-Bridging-Header.h"; sourceTree = "<group>"; };
		60F688CE1B52B87500A9EC8A /* HabitTableViewController.swift */ = {isa = PBXFileReference; fileEncoding = 4; lastKnownFileType = sourcecode.swift; path = HabitTableViewController.swift; sourceTree = "<group>"; };
		60F688D01B52B89100A9EC8A /* TimeManageTableViewController.swift */ = {isa = PBXFileReference; fileEncoding = 4; lastKnownFileType = sourcecode.swift; path = TimeManageTableViewController.swift; sourceTree = "<group>"; };
		60F688D41B52BCE200A9EC8A /* habit.plist */ = {isa = PBXFileReference; fileEncoding = 4; lastKnownFileType = text.plist.xml; path = habit.plist; sourceTree = "<group>"; };
/* End PBXFileReference section */

/* Begin PBXFrameworksBuildPhase section */
		608408D61B52A8A9001F17FD /* Frameworks */ = {
			isa = PBXFrameworksBuildPhase;
			buildActionMask = 2147483647;
			files = (
				60F688C91B52B35500A9EC8A /* libsqlite3.dylib in Frameworks */,
			);
			runOnlyForDeploymentPostprocessing = 0;
		};
		608408ED1B52A8A9001F17FD /* Frameworks */ = {
			isa = PBXFrameworksBuildPhase;
			buildActionMask = 2147483647;
			files = (
			);
			runOnlyForDeploymentPostprocessing = 0;
		};
/* End PBXFrameworksBuildPhase section */

/* Begin PBXGroup section */
		1D6157D91B5353F700997A6E /* FMDB */ = {
			isa = PBXGroup;
			children = (
				608183201B53D6780040DCAA /* src */,
			);
			name = FMDB;
			sourceTree = "<group>";
		};
		1D6158041B535A4F00997A6E /* util */ = {
			isa = PBXGroup;
			children = (
				1D6158051B535A6400997A6E /* DbUtil.swift */,
			);
			name = util;
			sourceTree = "<group>";
		};
		1D6158091B535FAB00997A6E /* model */ = {
			isa = PBXGroup;
			children = (
				1D61580A1B535FBE00997A6E /* HabitType.swift */,
			);
			name = model;
			sourceTree = "<group>";
		};
		608183201B53D6780040DCAA /* src */ = {
			isa = PBXGroup;
			children = (
				608183211B53D6780040DCAA /* extra */,
				6081832E1B53D6780040DCAA /* fmdb */,
			);
			path = src;
			sourceTree = SOURCE_ROOT;
		};
		608183211B53D6780040DCAA /* extra */ = {
			isa = PBXGroup;
			children = (
				608183221B53D6780040DCAA /* fts3 */,
				608183281B53D6780040DCAA /* InMemoryOnDiskIO */,
				6081832B1B53D6780040DCAA /* Swift extensions */,
			);
			path = extra;
			sourceTree = "<group>";
		};
		608183221B53D6780040DCAA /* fts3 */ = {
			isa = PBXGroup;
			children = (
				608183231B53D6780040DCAA /* FMDatabase+FTS3.h */,
				608183241B53D6780040DCAA /* FMDatabase+FTS3.m */,
				608183251B53D6780040DCAA /* FMTokenizers.h */,
				608183261B53D6780040DCAA /* FMTokenizers.m */,
				608183271B53D6780040DCAA /* fts3_tokenizer.h */,
			);
			path = fts3;
			sourceTree = "<group>";
		};
		608183281B53D6780040DCAA /* InMemoryOnDiskIO */ = {
			isa = PBXGroup;
			children = (
				608183291B53D6780040DCAA /* FMDatabase+InMemoryOnDiskIO.h */,
				6081832A1B53D6780040DCAA /* FMDatabase+InMemoryOnDiskIO.m */,
			);
			path = InMemoryOnDiskIO;
			sourceTree = "<group>";
		};
		6081832B1B53D6780040DCAA /* Swift extensions */ = {
			isa = PBXGroup;
			children = (
				6081832C1B53D6780040DCAA /* FMDatabaseAdditionsVariadic.swift */,
				6081832D1B53D6780040DCAA /* FMDatabaseVariadic.swift */,
			);
			path = "Swift extensions";
			sourceTree = "<group>";
		};
		6081832E1B53D6780040DCAA /* fmdb */ = {
			isa = PBXGroup;
			children = (
				6081832F1B53D6780040DCAA /* FMDatabase.h */,
				608183301B53D6780040DCAA /* FMDatabase.m */,
				608183311B53D6780040DCAA /* FMDatabaseAdditions.h */,
				608183321B53D6780040DCAA /* FMDatabaseAdditions.m */,
				608183331B53D6780040DCAA /* FMDatabasePool.h */,
				608183341B53D6780040DCAA /* FMDatabasePool.m */,
				608183351B53D6780040DCAA /* FMDatabaseQueue.h */,
				608183361B53D6780040DCAA /* FMDatabaseQueue.m */,
				608183371B53D6780040DCAA /* FMDB.h */,
				608183381B53D6780040DCAA /* FMResultSet.h */,
				608183391B53D6780040DCAA /* FMResultSet.m */,
			);
			path = fmdb;
			sourceTree = "<group>";
		};
		608408D01B52A8A9001F17FD = {
			isa = PBXGroup;
			children = (
				60F688CA1B52B58100A9EC8A /* App-Bridging-Header.h */,
				608408DB1B52A8A9001F17FD /* needYouManage */,
				608408F31B52A8A9001F17FD /* needYouManageTests */,
				608408DA1B52A8A9001F17FD /* Products */,
			);
			sourceTree = "<group>";
		};
		608408DA1B52A8A9001F17FD /* Products */ = {
			isa = PBXGroup;
			children = (
				608408D91B52A8A9001F17FD /* needYouManage.app */,
				608408F01B52A8A9001F17FD /* needYouManageTests.xctest */,
			);
			name = Products;
			sourceTree = "<group>";
		};
		608408DB1B52A8A9001F17FD /* needYouManage */ = {
			isa = PBXGroup;
			children = (
				608183481B53D6CD0040DCAA /* TyliangPlayground.playground */,
				1D6158041B535A4F00997A6E /* util */,
				60F688D31B52BCCA00A9EC8A /* resource */,
				60F688BD1B52B1BB00A9EC8A /* Framework */,
				60F688B51B52ABFE00A9EC8A /* TimeManage */,
				60F688B41B52ABF400A9EC8A /* Habit */,
				608408DE1B52A8A9001F17FD /* AppDelegate.swift */,
				608408E41B52A8A9001F17FD /* Main.storyboard */,
				608408E71B52A8A9001F17FD /* Images.xcassets */,
				608408E91B52A8A9001F17FD /* LaunchScreen.xib */,
				608408DC1B52A8A9001F17FD /* Supporting Files */,
				1D6158021B5358D200997A6E /* Constant.swift */,
			);
			path = needYouManage;
			sourceTree = "<group>";
		};
		608408DC1B52A8A9001F17FD /* Supporting Files */ = {
			isa = PBXGroup;
			children = (
				608408DD1B52A8A9001F17FD /* Info.plist */,
			);
			name = "Supporting Files";
			sourceTree = "<group>";
		};
		608408F31B52A8A9001F17FD /* needYouManageTests */ = {
			isa = PBXGroup;
			children = (
				608408F61B52A8A9001F17FD /* needYouManageTests.swift */,
				608408F41B52A8A9001F17FD /* Supporting Files */,
			);
			path = needYouManageTests;
			sourceTree = "<group>";
		};
		608408F41B52A8A9001F17FD /* Supporting Files */ = {
			isa = PBXGroup;
			children = (
				608408F51B52A8A9001F17FD /* Info.plist */,
			);
			name = "Supporting Files";
			sourceTree = "<group>";
		};
		60F688B41B52ABF400A9EC8A /* Habit */ = {
			isa = PBXGroup;
			children = (
				1D6158091B535FAB00997A6E /* model */,
				60F688CE1B52B87500A9EC8A /* HabitTableViewController.swift */,
				1D61580C1B53651E00997A6E /* SignInTableViewController.swift */,
				1D6158101B53929F00997A6E /* HabitNoteViewController.swift */,
			);
			name = Habit;
			sourceTree = "<group>";
		};
		60F688B51B52ABFE00A9EC8A /* TimeManage */ = {
			isa = PBXGroup;
			children = (
				60F688D61B52C11400A9EC8A /* cell */,
				60F688D01B52B89100A9EC8A /* TimeManageTableViewController.swift */,
			);
			name = TimeManage;
			sourceTree = "<group>";
		};
		60F688BD1B52B1BB00A9EC8A /* Framework */ = {
			isa = PBXGroup;
			children = (
				1D6157D91B5353F700997A6E /* FMDB */,
				60F688C81B52B35500A9EC8A /* libsqlite3.dylib */,
			);
			name = Framework;
			sourceTree = "<group>";
		};
		60F688D31B52BCCA00A9EC8A /* resource */ = {
			isa = PBXGroup;
			children = (
				60F688D41B52BCE200A9EC8A /* habit.plist */,
			);
			name = resource;
			sourceTree = "<group>";
		};
		60F688D61B52C11400A9EC8A /* cell */ = {
			isa = PBXGroup;
			children = (
			);
			name = cell;
			sourceTree = "<group>";
		};
/* End PBXGroup section */

/* Begin PBXNativeTarget section */
		608408D81B52A8A9001F17FD /* needYouManage */ = {
			isa = PBXNativeTarget;
			buildConfigurationList = 608408FA1B52A8A9001F17FD /* Build configuration list for PBXNativeTarget "needYouManage" */;
			buildPhases = (
				608408D51B52A8A9001F17FD /* Sources */,
				608408D61B52A8A9001F17FD /* Frameworks */,
				608408D71B52A8A9001F17FD /* Resources */,
			);
			buildRules = (
			);
			dependencies = (
			);
			name = needYouManage;
			productName = needYouManage;
			productReference = 608408D91B52A8A9001F17FD /* needYouManage.app */;
			productType = "com.apple.product-type.application";
		};
		608408EF1B52A8A9001F17FD /* needYouManageTests */ = {
			isa = PBXNativeTarget;
			buildConfigurationList = 608408FD1B52A8A9001F17FD /* Build configuration list for PBXNativeTarget "needYouManageTests" */;
			buildPhases = (
				608408EC1B52A8A9001F17FD /* Sources */,
				608408ED1B52A8A9001F17FD /* Frameworks */,
				608408EE1B52A8A9001F17FD /* Resources */,
			);
			buildRules = (
			);
			dependencies = (
				608408F21B52A8A9001F17FD /* PBXTargetDependency */,
			);
			name = needYouManageTests;
			productName = needYouManageTests;
			productReference = 608408F01B52A8A9001F17FD /* needYouManageTests.xctest */;
			productType = "com.apple.product-type.bundle.unit-test";
		};
/* End PBXNativeTarget section */

/* Begin PBXProject section */
		608408D11B52A8A9001F17FD /* Project object */ = {
			isa = PBXProject;
			attributes = {
				LastUpgradeCheck = 0630;
				ORGANIZATIONNAME = needYouManage;
				TargetAttributes = {
					608408D81B52A8A9001F17FD = {
						CreatedOnToolsVersion = 6.3.1;
					};
					608408EF1B52A8A9001F17FD = {
						CreatedOnToolsVersion = 6.3.1;
						TestTargetID = 608408D81B52A8A9001F17FD;
					};
				};
			};
			buildConfigurationList = 608408D41B52A8A9001F17FD /* Build configuration list for PBXProject "needYouManage" */;
			compatibilityVersion = "Xcode 3.2";
			developmentRegion = English;
			hasScannedForEncodings = 0;
			knownRegions = (
				en,
				Base,
			);
			mainGroup = 608408D01B52A8A9001F17FD;
			productRefGroup = 608408DA1B52A8A9001F17FD /* Products */;
			projectDirPath = "";
			projectRoot = "";
			targets = (
				608408D81B52A8A9001F17FD /* needYouManage */,
				608408EF1B52A8A9001F17FD /* needYouManageTests */,
			);
		};
/* End PBXProject section */

/* Begin PBXResourcesBuildPhase section */
		608408D71B52A8A9001F17FD /* Resources */ = {
			isa = PBXResourcesBuildPhase;
			buildActionMask = 2147483647;
			files = (
				608408E61B52A8A9001F17FD /* Main.storyboard in Resources */,
				60F688D51B52BCE200A9EC8A /* habit.plist in Resources */,
				608408EB1B52A8A9001F17FD /* LaunchScreen.xib in Resources */,
				608408E81B52A8A9001F17FD /* Images.xcassets in Resources */,
			);
			runOnlyForDeploymentPostprocessing = 0;
		};
		608408EE1B52A8A9001F17FD /* Resources */ = {
			isa = PBXResourcesBuildPhase;
			buildActionMask = 2147483647;
			files = (
			);
			runOnlyForDeploymentPostprocessing = 0;
		};
/* End PBXResourcesBuildPhase section */

/* Begin PBXSourcesBuildPhase section */
		608408D51B52A8A9001F17FD /* Sources */ = {
			isa = PBXSourcesBuildPhase;
			buildActionMask = 2147483647;
			files = (
				6081833F1B53D6780040DCAA /* FMDatabase+InMemoryOnDiskIO.m in Sources */,
				608183411B53D6780040DCAA /* FMDatabaseVariadic.swift in Sources */,
				60F688CF1B52B87500A9EC8A /* HabitTableViewController.swift in Sources */,
				608183421B53D6780040DCAA /* FMDatabase.m in Sources */,
				608183401B53D6780040DCAA /* FMDatabaseAdditionsVariadic.swift in Sources */,
				608408DF1B52A8A9001F17FD /* AppDelegate.swift in Sources */,
				608183461B53D6780040DCAA /* FMResultSet.m in Sources */,
				1D61580B1B535FBE00997A6E /* HabitType.swift in Sources */,
				60F688D11B52B89100A9EC8A /* TimeManageTableViewController.swift in Sources */,
				6081833E1B53D6780040DCAA /* FMTokenizers.m in Sources */,
				1D6158031B5358D200997A6E /* Constant.swift in Sources */,
				1D6158111B53929F00997A6E /* HabitNoteViewController.swift in Sources */,
				6081833D1B53D6780040DCAA /* FMDatabase+FTS3.m in Sources */,
				1D6158061B535A6400997A6E /* DbUtil.swift in Sources */,
				608183441B53D6780040DCAA /* FMDatabasePool.m in Sources */,
				608183451B53D6780040DCAA /* FMDatabaseQueue.m in Sources */,
				1D61580D1B53651E00997A6E /* SignInTableViewController.swift in Sources */,
				608183431B53D6780040DCAA /* FMDatabaseAdditions.m in Sources */,
			);
			runOnlyForDeploymentPostprocessing = 0;
		};
		608408EC1B52A8A9001F17FD /* Sources */ = {
			isa = PBXSourcesBuildPhase;
			buildActionMask = 2147483647;
			files = (
				608408F71B52A8A9001F17FD /* needYouManageTests.swift in Sources */,
			);
			runOnlyForDeploymentPostprocessing = 0;
		};
/* End PBXSourcesBuildPhase section */

/* Begin PBXTargetDependency section */
		608408F21B52A8A9001F17FD /* PBXTargetDependency */ = {
			isa = PBXTargetDependency;
			target = 608408D81B52A8A9001F17FD /* needYouManage */;
			targetProxy = 608408F11B52A8A9001F17FD /* PBXContainerItemProxy */;
		};
/* End PBXTargetDependency section */

/* Begin PBXVariantGroup section */
		608408E41B52A8A9001F17FD /* Main.storyboard */ = {
			isa = PBXVariantGroup;
			children = (
				608408E51B52A8A9001F17FD /* Base */,
			);
			name = Main.storyboard;
			sourceTree = "<group>";
		};
		608408E91B52A8A9001F17FD /* LaunchScreen.xib */ = {
			isa = PBXVariantGroup;
			children = (
				608408EA1B52A8A9001F17FD /* Base */,
			);
			name = LaunchScreen.xib;
			sourceTree = "<group>";
		};
/* End PBXVariantGroup section */

/* Begin XCBuildConfiguration section */
		608408F81B52A8A9001F17FD /* Debug */ = {
			isa = XCBuildConfiguration;
			buildSettings = {
				ALWAYS_SEARCH_USER_PATHS = NO;
				CLANG_CXX_LANGUAGE_STANDARD = "gnu++0x";
				CLANG_CXX_LIBRARY = "libc++";
				CLANG_ENABLE_MODULES = YES;
				CLANG_ENABLE_OBJC_ARC = YES;
				CLANG_WARN_BOOL_CONVERSION = YES;
				CLANG_WARN_CONSTANT_CONVERSION = YES;
				CLANG_WARN_DIRECT_OBJC_ISA_USAGE = YES_ERROR;
				CLANG_WARN_EMPTY_BODY = YES;
				CLANG_WARN_ENUM_CONVERSION = YES;
				CLANG_WARN_INT_CONVERSION = YES;
				CLANG_WARN_OBJC_ROOT_CLASS = YES_ERROR;
				CLANG_WARN_UNREACHABLE_CODE = YES;
				CLANG_WARN__DUPLICATE_METHOD_MATCH = YES;
				"CODE_SIGN_IDENTITY[sdk=iphoneos*]" = "iPhone Developer";
				COPY_PHASE_STRIP = NO;
				DEBUG_INFORMATION_FORMAT = "dwarf-with-dsym";
				ENABLE_STRICT_OBJC_MSGSEND = YES;
				GCC_C_LANGUAGE_STANDARD = gnu99;
				GCC_DYNAMIC_NO_PIC = NO;
				GCC_NO_COMMON_BLOCKS = YES;
				GCC_OPTIMIZATION_LEVEL = 0;
				GCC_PREPROCESSOR_DEFINITIONS = (
					"DEBUG=1",
					"$(inherited)",
				);
				GCC_SYMBOLS_PRIVATE_EXTERN = NO;
				GCC_WARN_64_TO_32_BIT_CONVERSION = YES;
				GCC_WARN_ABOUT_RETURN_TYPE = YES_ERROR;
				GCC_WARN_UNDECLARED_SELECTOR = YES;
				GCC_WARN_UNINITIALIZED_AUTOS = YES_AGGRESSIVE;
				GCC_WARN_UNUSED_FUNCTION = YES;
				GCC_WARN_UNUSED_VARIABLE = YES;
				IPHONEOS_DEPLOYMENT_TARGET = 8.3;
				MTL_ENABLE_DEBUG_INFO = YES;
				ONLY_ACTIVE_ARCH = YES;
				SDKROOT = iphoneos;
				SWIFT_OPTIMIZATION_LEVEL = "-Onone";
			};
			name = Debug;
		};
		608408F91B52A8A9001F17FD /* Release */ = {
			isa = XCBuildConfiguration;
			buildSettings = {
				ALWAYS_SEARCH_USER_PATHS = NO;
				CLANG_CXX_LANGUAGE_STANDARD = "gnu++0x";
				CLANG_CXX_LIBRARY = "libc++";
				CLANG_ENABLE_MODULES = YES;
				CLANG_ENABLE_OBJC_ARC = YES;
				CLANG_WARN_BOOL_CONVERSION = YES;
				CLANG_WARN_CONSTANT_CONVERSION = YES;
				CLANG_WARN_DIRECT_OBJC_ISA_USAGE = YES_ERROR;
				CLANG_WARN_EMPTY_BODY = YES;
				CLANG_WARN_ENUM_CONVERSION = YES;
				CLANG_WARN_INT_CONVERSION = YES;
				CLANG_WARN_OBJC_ROOT_CLASS = YES_ERROR;
				CLANG_WARN_UNREACHABLE_CODE = YES;
				CLANG_WARN__DUPLICATE_METHOD_MATCH = YES;
				"CODE_SIGN_IDENTITY[sdk=iphoneos*]" = "iPhone Developer";
				COPY_PHASE_STRIP = NO;
				DEBUG_INFORMATION_FORMAT = "dwarf-with-dsym";
				ENABLE_NS_ASSERTIONS = NO;
				ENABLE_STRICT_OBJC_MSGSEND = YES;
				GCC_C_LANGUAGE_STANDARD = gnu99;
				GCC_NO_COMMON_BLOCKS = YES;
				GCC_WARN_64_TO_32_BIT_CONVERSION = YES;
				GCC_WARN_ABOUT_RETURN_TYPE = YES_ERROR;
				GCC_WARN_UNDECLARED_SELECTOR = YES;
				GCC_WARN_UNINITIALIZED_AUTOS = YES_AGGRESSIVE;
				GCC_WARN_UNUSED_FUNCTION = YES;
				GCC_WARN_UNUSED_VARIABLE = YES;
				IPHONEOS_DEPLOYMENT_TARGET = 8.3;
				MTL_ENABLE_DEBUG_INFO = NO;
				SDKROOT = iphoneos;
				VALIDATE_PRODUCT = YES;
			};
			name = Release;
		};
		608408FB1B52A8A9001F17FD /* Debug */ = {
			isa = XCBuildConfiguration;
			buildSettings = {
				ASSETCATALOG_COMPILER_APPICON_NAME = AppIcon;
				CLANG_CXX_LIBRARY = "libc++";
				CLANG_ENABLE_MODULES = YES;
				INFOPLIST_FILE = needYouManage/Info.plist;
				LD_RUNPATH_SEARCH_PATHS = "$(inherited) @executable_path/Frameworks";
				PRODUCT_NAME = "$(TARGET_NAME)";
				SWIFT_OBJC_BRIDGING_HEADER = "/Users/linqinglv/NeedYouManage-IOS/needYouManage/App-Bridging-Header.h";
				SWIFT_OPTIMIZATION_LEVEL = "-O";
			};
			name = Debug;
		};
		608408FC1B52A8A9001F17FD /* Release */ = {
			isa = XCBuildConfiguration;
			buildSettings = {
				ASSETCATALOG_COMPILER_APPICON_NAME = AppIcon;
				CLANG_CXX_LIBRARY = "libc++";
				CLANG_ENABLE_MODULES = YES;
				INFOPLIST_FILE = needYouManage/Info.plist;
				LD_RUNPATH_SEARCH_PATHS = "$(inherited) @executable_path/Frameworks";
				PRODUCT_NAME = "$(TARGET_NAME)";
				SWIFT_OBJC_BRIDGING_HEADER = "/Users/linqinglv/NeedYouManage-IOS/needYouManage/App-Bridging-Header.h";
			};
			name = Release;
		};
		608408FE1B52A8A9001F17FD /* Debug */ = {
			isa = XCBuildConfiguration;
			buildSettings = {
				BUNDLE_LOADER = "$(TEST_HOST)";
				FRAMEWORK_SEARCH_PATHS = (
					"$(SDKROOT)/Developer/Library/Frameworks",
					"$(inherited)",
				);
				GCC_PREPROCESSOR_DEFINITIONS = (
					"DEBUG=1",
					"$(inherited)",
				);
				INFOPLIST_FILE = needYouManageTests/Info.plist;
				LD_RUNPATH_SEARCH_PATHS = "$(inherited) @executable_path/Frameworks @loader_path/Frameworks";
				PRODUCT_NAME = "$(TARGET_NAME)";
				TEST_HOST = "$(BUILT_PRODUCTS_DIR)/needYouManage.app/needYouManage";
			};
			name = Debug;
		};
		608408FF1B52A8A9001F17FD /* Release */ = {
			isa = XCBuildConfiguration;
			buildSettings = {
				BUNDLE_LOADER = "$(TEST_HOST)";
				FRAMEWORK_SEARCH_PATHS = (
					"$(SDKROOT)/Developer/Library/Frameworks",
					"$(inherited)",
				);
				INFOPLIST_FILE = needYouManageTests/Info.plist;
				LD_RUNPATH_SEARCH_PATHS = "$(inherited) @executable_path/Frameworks @loader_path/Frameworks";
				PRODUCT_NAME = "$(TARGET_NAME)";
				TEST_HOST = "$(BUILT_PRODUCTS_DIR)/needYouManage.app/needYouManage";
			};
			name = Release;
		};
/* End XCBuildConfiguration section */

/* Begin XCConfigurationList section */
		608408D41B52A8A9001F17FD /* Build configuration list for PBXProject "needYouManage" */ = {
			isa = XCConfigurationList;
			buildConfigurations = (
				608408F81B52A8A9001F17FD /* Debug */,
				608408F91B52A8A9001F17FD /* Release */,
			);
			defaultConfigurationIsVisible = 0;
			defaultConfigurationName = Release;
		};
		608408FA1B52A8A9001F17FD /* Build configuration list for PBXNativeTarget "needYouManage" */ = {
			isa = XCConfigurationList;
			buildConfigurations = (
				608408FB1B52A8A9001F17FD /* Debug */,
				608408FC1B52A8A9001F17FD /* Release */,
			);
			defaultConfigurationIsVisible = 0;
			defaultConfigurationName = Release;
		};
		608408FD1B52A8A9001F17FD /* Build configuration list for PBXNativeTarget "needYouManageTests" */ = {
			isa = XCConfigurationList;
			buildConfigurations = (
				608408FE1B52A8A9001F17FD /* Debug */,
				608408FF1B52A8A9001F17FD /* Release */,
			);
			defaultConfigurationIsVisible = 0;
			defaultConfigurationName = Release;
		};
/* End XCConfigurationList section */
	};
	rootObject = 608408D11B52A8A9001F17FD /* Project object */;
}
