// !$*UTF8*$!
{
	archiveVersion = 1;
	classes = {
	};
	objectVersion = 46;
	objects = {

/* Begin PBXBuildFile section */
		608408DF1B52A8A9001F17FD /* AppDelegate.swift in Sources */ = {isa = PBXBuildFile; fileRef = 608408DE1B52A8A9001F17FD /* AppDelegate.swift */; };
		608408E11B52A8A9001F17FD /* HabitViewController.swift in Sources */ = {isa = PBXBuildFile; fileRef = 608408E01B52A8A9001F17FD /* HabitViewController.swift */; };
		608408E31B52A8A9001F17FD /* TimeManageViewController.swift in Sources */ = {isa = PBXBuildFile; fileRef = 608408E21B52A8A9001F17FD /* TimeManageViewController.swift */; };
		608408E61B52A8A9001F17FD /* Main.storyboard in Resources */ = {isa = PBXBuildFile; fileRef = 608408E41B52A8A9001F17FD /* Main.storyboard */; };
		608408E81B52A8A9001F17FD /* Images.xcassets in Resources */ = {isa = PBXBuildFile; fileRef = 608408E71B52A8A9001F17FD /* Images.xcassets */; };
		608408EB1B52A8A9001F17FD /* LaunchScreen.xib in Resources */ = {isa = PBXBuildFile; fileRef = 608408E91B52A8A9001F17FD /* LaunchScreen.xib */; };
		608408F71B52A8A9001F17FD /* needYouManageTests.swift in Sources */ = {isa = PBXBuildFile; fileRef = 608408F61B52A8A9001F17FD /* needYouManageTests.swift */; };
		60F688C01B52B1E200A9EC8A /* src in Resources */ = {isa = PBXBuildFile; fileRef = 60F688BF1B52B1E200A9EC8A /* src */; };
		60F688C91B52B35500A9EC8A /* libsqlite3.dylib in Frameworks */ = {isa = PBXBuildFile; fileRef = 60F688C81B52B35500A9EC8A /* libsqlite3.dylib */; };
/* End PBXBuildFile section */

/* Begin PBXContainerItemProxy section */
		608408F11B52A8A9001F17FD /* PBXContainerItemProxy */ = {
			isa = PBXContainerItemProxy;
			containerPortal = 608408D11B52A8A9001F17FD /* Project object */;
			proxyType = 1;
			remoteGlobalIDString = 608408D81B52A8A9001F17FD;
			remoteInfo = needYouManage;
		};
/* End PBXContainerItemProxy section */

/* Begin PBXFileReference section */
		608408D91B52A8A9001F17FD /* needYouManage.app */ = {isa = PBXFileReference; explicitFileType = wrapper.application; includeInIndex = 0; path = needYouManage.app; sourceTree = BUILT_PRODUCTS_DIR; };
		608408DD1B52A8A9001F17FD /* Info.plist */ = {isa = PBXFileReference; lastKnownFileType = text.plist.xml; path = Info.plist; sourceTree = "<group>"; };
		608408DE1B52A8A9001F17FD /* AppDelegate.swift */ = {isa = PBXFileReference; lastKnownFileType = sourcecode.swift; path = AppDelegate.swift; sourceTree = "<group>"; };
		608408E01B52A8A9001F17FD /* HabitViewController.swift */ = {isa = PBXFileReference; lastKnownFileType = sourcecode.swift; path = HabitViewController.swift; sourceTree = "<group>"; };
		608408E21B52A8A9001F17FD /* TimeManageViewController.swift */ = {isa = PBXFileReference; lastKnownFileType = sourcecode.swift; path = TimeManageViewController.swift; sourceTree = "<group>"; };
		608408E51B52A8A9001F17FD /* Base */ = {isa = PBXFileReference; lastKnownFileType = file.storyboard; name = Base; path = Base.lproj/Main.storyboard; sourceTree = "<group>"; };
		608408E71B52A8A9001F17FD /* Images.xcassets */ = {isa = PBXFileReference; lastKnownFileType = folder.assetcatalog; path = Images.xcassets; sourceTree = "<group>"; };
		608408EA1B52A8A9001F17FD /* Base */ = {isa = PBXFileReference; lastKnownFileType = file.xib; name = Base; path = Base.lproj/LaunchScreen.xib; sourceTree = "<group>"; };
		608408F01B52A8A9001F17FD /* needYouManageTests.xctest */ = {isa = PBXFileReference; explicitFileType = wrapper.cfbundle; includeInIndex = 0; path = needYouManageTests.xctest; sourceTree = BUILT_PRODUCTS_DIR; };
		608408F51B52A8A9001F17FD /* Info.plist */ = {isa = PBXFileReference; lastKnownFileType = text.plist.xml; path = Info.plist; sourceTree = "<group>"; };
		608408F61B52A8A9001F17FD /* needYouManageTests.swift */ = {isa = PBXFileReference; lastKnownFileType = sourcecode.swift; path = needYouManageTests.swift; sourceTree = "<group>"; };
		60F688BF1B52B1E200A9EC8A /* src */ = {isa = PBXFileReference; lastKnownFileType = folder; name = src; path = "../../../Downloads/fmdb-master/src"; sourceTree = "<group>"; };
		60F688C41B52B2EC00A9EC8A /* needYouManage-Bridging-Header.h */ = {isa = PBXFileReference; lastKnownFileType = sourcecode.c.h; path = "needYouManage-Bridging-Header.h"; sourceTree = "<group>"; };
		60F688C81B52B35500A9EC8A /* libsqlite3.dylib */ = {isa = PBXFileReference; lastKnownFileType = "compiled.mach-o.dylib"; name = libsqlite3.dylib; path = usr/lib/libsqlite3.dylib; sourceTree = SDKROOT; };
/* End PBXFileReference section */

/* Begin PBXFrameworksBuildPhase section */
		608408D61B52A8A9001F17FD /* Frameworks */ = {
			isa = PBXFrameworksBuildPhase;
			buildActionMask = 2147483647;
			files = (
				60F688C91B52B35500A9EC8A /* libsqlite3.dylib in Frameworks */,
			);
			runOnlyForDeploymentPostprocessing = 0;
		};
		608408ED1B52A8A9001F17FD /* Frameworks */ = {
			isa = PBXFrameworksBuildPhase;
			buildActionMask = 2147483647;
			files = (
			);
			runOnlyForDeploymentPostprocessing = 0;
		};
/* End PBXFrameworksBuildPhase section */

/* Begin PBXGroup section */
		608408D01B52A8A9001F17FD = {
			isa = PBXGroup;
			children = (
				608408DB1B52A8A9001F17FD /* needYouManage */,
				608408F31B52A8A9001F17FD /* needYouManageTests */,
				608408DA1B52A8A9001F17FD /* Products */,
			);
			sourceTree = "<group>";
		};
		608408DA1B52A8A9001F17FD /* Products */ = {
			isa = PBXGroup;
			children = (
				608408D91B52A8A9001F17FD /* needYouManage.app */,
				608408F01B52A8A9001F17FD /* needYouManageTests.xctest */,
			);
			name = Products;
			sourceTree = "<group>";
		};
		608408DB1B52A8A9001F17FD /* needYouManage */ = {
			isa = PBXGroup;
			children = (
				60F688BD1B52B1BB00A9EC8A /* Framework */,
				60F688B51B52ABFE00A9EC8A /* TimeManage */,
				60F688B41B52ABF400A9EC8A /* Habit */,
				608408DE1B52A8A9001F17FD /* AppDelegate.swift */,
				608408E41B52A8A9001F17FD /* Main.storyboard */,
				608408E71B52A8A9001F17FD /* Images.xcassets */,
				608408E91B52A8A9001F17FD /* LaunchScreen.xib */,
				60F688C41B52B2EC00A9EC8A /* needYouManage-Bridging-Header.h */,
				608408DC1B52A8A9001F17FD /* Supporting Files */,
			);
			path = needYouManage;
			sourceTree = "<group>";
		};
		608408DC1B52A8A9001F17FD /* Supporting Files */ = {
			isa = PBXGroup;
			children = (
				608408DD1B52A8A9001F17FD /* Info.plist */,
			);
			name = "Supporting Files";
			sourceTree = "<group>";
		};
		608408F31B52A8A9001F17FD /* needYouManageTests */ = {
			isa = PBXGroup;
			children = (
				608408F61B52A8A9001F17FD /* needYouManageTests.swift */,
				608408F41B52A8A9001F17FD /* Supporting Files */,
			);
			path = needYouManageTests;
			sourceTree = "<group>";
		};
		608408F41B52A8A9001F17FD /* Supporting Files */ = {
			isa = PBXGroup;
			children = (
				608408F51B52A8A9001F17FD /* Info.plist */,
			);
			name = "Supporting Files";
			sourceTree = "<group>";
		};
		60F688B41B52ABF400A9EC8A /* Habit */ = {
			isa = PBXGroup;
			children = (
				608408E01B52A8A9001F17FD /* HabitViewController.swift */,
			);
			name = Habit;
			sourceTree = "<group>";
		};
		60F688B51B52ABFE00A9EC8A /* TimeManage */ = {
			isa = PBXGroup;
			children = (
				608408E21B52A8A9001F17FD /* TimeManageViewController.swift */,
			);
			name = TimeManage;
			sourceTree = "<group>";
		};
		60F688BD1B52B1BB00A9EC8A /* Framework */ = {
			isa = PBXGroup;
			children = (
				60F688C81B52B35500A9EC8A /* libsqlite3.dylib */,
				60F688BE1B52B1D000A9EC8A /* FMDB */,
			);
			name = Framework;
			sourceTree = "<group>";
		};
		60F688BE1B52B1D000A9EC8A /* FMDB */ = {
			isa = PBXGroup;
			children = (
				60F688BF1B52B1E200A9EC8A /* src */,
			);
			name = FMDB;
			sourceTree = "<group>";
		};
/* End PBXGroup section */

/* Begin PBXNativeTarget section */
		608408D81B52A8A9001F17FD /* needYouManage */ = {
			isa = PBXNativeTarget;
			buildConfigurationList = 608408FA1B52A8A9001F17FD /* Build configuration list for PBXNativeTarget "needYouManage" */;
			buildPhases = (
				608408D51B52A8A9001F17FD /* Sources */,
				608408D61B52A8A9001F17FD /* Frameworks */,
				608408D71B52A8A9001F17FD /* Resources */,
			);
			buildRules = (
			);
			dependencies = (
			);
			name = needYouManage;
			productName = needYouManage;
			productReference = 608408D91B52A8A9001F17FD /* needYouManage.app */;
			productType = "com.apple.product-type.application";
		};
		608408EF1B52A8A9001F17FD /* needYouManageTests */ = {
			isa = PBXNativeTarget;
			buildConfigurationList = 608408FD1B52A8A9001F17FD /* Build configuration list for PBXNativeTarget "needYouManageTests" */;
			buildPhases = (
				608408EC1B52A8A9001F17FD /* Sources */,
				608408ED1B52A8A9001F17FD /* Frameworks */,
				608408EE1B52A8A9001F17FD /* Resources */,
			);
			buildRules = (
			);
			dependencies = (
				608408F21B52A8A9001F17FD /* PBXTargetDependency */,
			);
			name = needYouManageTests;
			productName = needYouManageTests;
			productReference = 608408F01B52A8A9001F17FD /* needYouManageTests.xctest */;
			productType = "com.apple.product-type.bundle.unit-test";
		};
/* End PBXNativeTarget section */

/* Begin PBXProject section */
		608408D11B52A8A9001F17FD /* Project object */ = {
			isa = PBXProject;
			attributes = {
				LastUpgradeCheck = 0630;
				ORGANIZATIONNAME = needYouManage;
				TargetAttributes = {
					608408D81B52A8A9001F17FD = {
						CreatedOnToolsVersion = 6.3.1;
					};
					608408EF1B52A8A9001F17FD = {
						CreatedOnToolsVersion = 6.3.1;
						TestTargetID = 608408D81B52A8A9001F17FD;
					};
				};
			};
			buildConfigurationList = 608408D41B52A8A9001F17FD /* Build configuration list for PBXProject "needYouManage" */;
			compatibilityVersion = "Xcode 3.2";
			developmentRegion = English;
			hasScannedForEncodings = 0;
			knownRegions = (
				en,
				Base,
			);
			mainGroup = 608408D01B52A8A9001F17FD;
			productRefGroup = 608408DA1B52A8A9001F17FD /* Products */;
			projectDirPath = "";
			projectRoot = "";
			targets = (
				608408D81B52A8A9001F17FD /* needYouManage */,
				608408EF1B52A8A9001F17FD /* needYouManageTests */,
			);
		};
/* End PBXProject section */

/* Begin PBXResourcesBuildPhase section */
		608408D71B52A8A9001F17FD /* Resources */ = {
			isa = PBXResourcesBuildPhase;
			buildActionMask = 2147483647;
			files = (
				608408E61B52A8A9001F17FD /* Main.storyboard in Resources */,
				608408EB1B52A8A9001F17FD /* LaunchScreen.xib in Resources */,
				608408E81B52A8A9001F17FD /* Images.xcassets in Resources */,
				60F688C01B52B1E200A9EC8A /* src in Resources */,
			);
			runOnlyForDeploymentPostprocessing = 0;
		};
		608408EE1B52A8A9001F17FD /* Resources */ = {
			isa = PBXResourcesBuildPhase;
			buildActionMask = 2147483647;
			files = (
			);
			runOnlyForDeploymentPostprocessing = 0;
		};
/* End PBXResourcesBuildPhase section */

/* Begin PBXSourcesBuildPhase section */
		608408D51B52A8A9001F17FD /* Sources */ = {
			isa = PBXSourcesBuildPhase;
			buildActionMask = 2147483647;
			files = (
				608408E31B52A8A9001F17FD /* TimeManageViewController.swift in Sources */,
				608408DF1B52A8A9001F17FD /* AppDelegate.swift in Sources */,
				608408E11B52A8A9001F17FD /* HabitViewController.swift in Sources */,
			);
			runOnlyForDeploymentPostprocessing = 0;
		};
		608408EC1B52A8A9001F17FD /* Sources */ = {
			isa = PBXSourcesBuildPhase;
			buildActionMask = 2147483647;
			files = (
				608408F71B52A8A9001F17FD /* needYouManageTests.swift in Sources */,
			);
			runOnlyForDeploymentPostprocessing = 0;
		};
/* End PBXSourcesBuildPhase section */

/* Begin PBXTargetDependency section */
		608408F21B52A8A9001F17FD /* PBXTargetDependency */ = {
			isa = PBXTargetDependency;
			target = 608408D81B52A8A9001F17FD /* needYouManage */;
			targetProxy = 608408F11B52A8A9001F17FD /* PBXContainerItemProxy */;
		};
/* End PBXTargetDependency section */

/* Begin PBXVariantGroup section */
		608408E41B52A8A9001F17FD /* Main.storyboard */ = {
			isa = PBXVariantGroup;
			children = (
				608408E51B52A8A9001F17FD /* Base */,
			);
			name = Main.storyboard;
			sourceTree = "<group>";
		};
		608408E91B52A8A9001F17FD /* LaunchScreen.xib */ = {
			isa = PBXVariantGroup;
			children = (
				608408EA1B52A8A9001F17FD /* Base */,
			);
			name = LaunchScreen.xib;
			sourceTree = "<group>";
		};
/* End PBXVariantGroup section */

/* Begin XCBuildConfiguration section */
		608408F81B52A8A9001F17FD /* Debug */ = {
			isa = XCBuildConfiguration;
			buildSettings = {
				ALWAYS_SEARCH_USER_PATHS = NO;
				CLANG_CXX_LANGUAGE_STANDARD = "gnu++0x";
				CLANG_CXX_LIBRARY = "libc++";
				CLANG_ENABLE_MODULES = YES;
				CLANG_ENABLE_OBJC_ARC = YES;
				CLANG_WARN_BOOL_CONVERSION = YES;
				CLANG_WARN_CONSTANT_CONVERSION = YES;
				CLANG_WARN_DIRECT_OBJC_ISA_USAGE = YES_ERROR;
				CLANG_WARN_EMPTY_BODY = YES;
				CLANG_WARN_ENUM_CONVERSION = YES;
				CLANG_WARN_INT_CONVERSION = YES;
				CLANG_WARN_OBJC_ROOT_CLASS = YES_ERROR;
				CLANG_WARN_UNREACHABLE_CODE = YES;
				CLANG_WARN__DUPLICATE_METHOD_MATCH = YES;
				"CODE_SIGN_IDENTITY[sdk=iphoneos*]" = "iPhone Developer";
				COPY_PHASE_STRIP = NO;
				DEBUG_INFORMATION_FORMAT = "dwarf-with-dsym";
				ENABLE_STRICT_OBJC_MSGSEND = YES;
				GCC_C_LANGUAGE_STANDARD = gnu99;
				GCC_DYNAMIC_NO_PIC = NO;
				GCC_NO_COMMON_BLOCKS = YES;
				GCC_OPTIMIZATION_LEVEL = 0;
				GCC_PREPROCESSOR_DEFINITIONS = (
					"DEBUG=1",
					"$(inherited)",
				);
				GCC_SYMBOLS_PRIVATE_EXTERN = NO;
				GCC_WARN_64_TO_32_BIT_CONVERSION = YES;
				GCC_WARN_ABOUT_RETURN_TYPE = YES_ERROR;
				GCC_WARN_UNDECLARED_SELECTOR = YES;
				GCC_WARN_UNINITIALIZED_AUTOS = YES_AGGRESSIVE;
				GCC_WARN_UNUSED_FUNCTION = YES;
				GCC_WARN_UNUSED_VARIABLE = YES;
				IPHONEOS_DEPLOYMENT_TARGET = 8.3;
				MTL_ENABLE_DEBUG_INFO = YES;
				ONLY_ACTIVE_ARCH = YES;
				SDKROOT = iphoneos;
				SWIFT_OPTIMIZATION_LEVEL = "-Onone";
			};
			name = Debug;
		};
		608408F91B52A8A9001F17FD /* Release */ = {
			isa = XCBuildConfiguration;
			buildSettings = {
				ALWAYS_SEARCH_USER_PATHS = NO;
				CLANG_CXX_LANGUAGE_STANDARD = "gnu++0x";
				CLANG_CXX_LIBRARY = "libc++";
				CLANG_ENABLE_MODULES = YES;
				CLANG_ENABLE_OBJC_ARC = YES;
				CLANG_WARN_BOOL_CONVERSION = YES;
				CLANG_WARN_CONSTANT_CONVERSION = YES;
				CLANG_WARN_DIRECT_OBJC_ISA_USAGE = YES_ERROR;
				CLANG_WARN_EMPTY_BODY = YES;
				CLANG_WARN_ENUM_CONVERSION = YES;
				CLANG_WARN_INT_CONVERSION = YES;
				CLANG_WARN_OBJC_ROOT_CLASS = YES_ERROR;
				CLANG_WARN_UNREACHABLE_CODE = YES;
				CLANG_WARN__DUPLICATE_METHOD_MATCH = YES;
				"CODE_SIGN_IDENTITY[sdk=iphoneos*]" = "iPhone Developer";
				COPY_PHASE_STRIP = NO;
				DEBUG_INFORMATION_FORMAT = "dwarf-with-dsym";
				ENABLE_NS_ASSERTIONS = NO;
				ENABLE_STRICT_OBJC_MSGSEND = YES;
				GCC_C_LANGUAGE_STANDARD = gnu99;
				GCC_NO_COMMON_BLOCKS = YES;
				GCC_WARN_64_TO_32_BIT_CONVERSION = YES;
				GCC_WARN_ABOUT_RETURN_TYPE = YES_ERROR;
				GCC_WARN_UNDECLARED_SELECTOR = YES;
				GCC_WARN_UNINITIALIZED_AUTOS = YES_AGGRESSIVE;
				GCC_WARN_UNUSED_FUNCTION = YES;
				GCC_WARN_UNUSED_VARIABLE = YES;
				IPHONEOS_DEPLOYMENT_TARGET = 8.3;
				MTL_ENABLE_DEBUG_INFO = NO;
				SDKROOT = iphoneos;
				VALIDATE_PRODUCT = YES;
			};
			name = Release;
		};
		608408FB1B52A8A9001F17FD /* Debug */ = {
			isa = XCBuildConfiguration;
			buildSettings = {
				ASSETCATALOG_COMPILER_APPICON_NAME = AppIcon;
				CLANG_ENABLE_MODULES = YES;
				INFOPLIST_FILE = needYouManage/Info.plist;
				LD_RUNPATH_SEARCH_PATHS = "$(inherited) @executable_path/Frameworks";
				PRODUCT_NAME = "$(TARGET_NAME)";
				SWIFT_OBJC_BRIDGING_HEADER = "needYouManage/needYouManage-Bridging-Header.h";
				SWIFT_OPTIMIZATION_LEVEL = "-Onone";
			};
			name = Debug;
		};
		608408FC1B52A8A9001F17FD /* Release */ = {
			isa = XCBuildConfiguration;
			buildSettings = {
				ASSETCATALOG_COMPILER_APPICON_NAME = AppIcon;
				CLANG_ENABLE_MODULES = YES;
				INFOPLIST_FILE = needYouManage/Info.plist;
				LD_RUNPATH_SEARCH_PATHS = "$(inherited) @executable_path/Frameworks";
				PRODUCT_NAME = "$(TARGET_NAME)";
				SWIFT_OBJC_BRIDGING_HEADER = "needYouManage/needYouManage-Bridging-Header.h";
			};
			name = Release;
		};
		608408FE1B52A8A9001F17FD /* Debug */ = {
			isa = XCBuildConfiguration;
			buildSettings = {
				BUNDLE_LOADER = "$(TEST_HOST)";
				FRAMEWORK_SEARCH_PATHS = (
					"$(SDKROOT)/Developer/Library/Frameworks",
					"$(inherited)",
				);
				GCC_PREPROCESSOR_DEFINITIONS = (
					"DEBUG=1",
					"$(inherited)",
				);
				INFOPLIST_FILE = needYouManageTests/Info.plist;
				LD_RUNPATH_SEARCH_PATHS = "$(inherited) @executable_path/Frameworks @loader_path/Frameworks";
				PRODUCT_NAME = "$(TARGET_NAME)";
				TEST_HOST = "$(BUILT_PRODUCTS_DIR)/needYouManage.app/needYouManage";
			};
			name = Debug;
		};
		608408FF1B52A8A9001F17FD /* Release */ = {
			isa = XCBuildConfiguration;
			buildSettings = {
				BUNDLE_LOADER = "$(TEST_HOST)";
				FRAMEWORK_SEARCH_PATHS = (
					"$(SDKROOT)/Developer/Library/Frameworks",
					"$(inherited)",
				);
				INFOPLIST_FILE = needYouManageTests/Info.plist;
				LD_RUNPATH_SEARCH_PATHS = "$(inherited) @executable_path/Frameworks @loader_path/Frameworks";
				PRODUCT_NAME = "$(TARGET_NAME)";
				TEST_HOST = "$(BUILT_PRODUCTS_DIR)/needYouManage.app/needYouManage";
			};
			name = Release;
		};
/* End XCBuildConfiguration section */

/* Begin XCConfigurationList section */
		608408D41B52A8A9001F17FD /* Build configuration list for PBXProject "needYouManage" */ = {
			isa = XCConfigurationList;
			buildConfigurations = (
				608408F81B52A8A9001F17FD /* Debug */,
				608408F91B52A8A9001F17FD /* Release */,
			);
			defaultConfigurationIsVisible = 0;
			defaultConfigurationName = Release;
		};
		608408FA1B52A8A9001F17FD /* Build configuration list for PBXNativeTarget "needYouManage" */ = {
			isa = XCConfigurationList;
			buildConfigurations = (
				608408FB1B52A8A9001F17FD /* Debug */,
				608408FC1B52A8A9001F17FD /* Release */,
			);
			defaultConfigurationIsVisible = 0;
			defaultConfigurationName = Release;
		};
		608408FD1B52A8A9001F17FD /* Build configuration list for PBXNativeTarget "needYouManageTests" */ = {
			isa = XCConfigurationList;
			buildConfigurations = (
				608408FE1B52A8A9001F17FD /* Debug */,
				608408FF1B52A8A9001F17FD /* Release */,
			);
			defaultConfigurationIsVisible = 0;
			defaultConfigurationName = Release;
		};
/* End XCConfigurationList section */
	};
	rootObject = 608408D11B52A8A9001F17FD /* Project object */;
}
